
Microsoft Visual Studio Solution File, Format Version 12.00
# Visual Studio Version 17
VisualStudioVersion = 17.5.33516.290
MinimumVisualStudioVersion = 10.0.40219.1
Project("{FAE04EC0-301F-11D3-BF4B-00C04F79EFBC}") = "BookReservation", "BookReservation\BookReservation.csproj", "{BFF924EA-3460-4016-B245-10C6621EE264}"
EndProject
Project("{FAE04EC0-301F-11D3-BF4B-00C04F79EFBC}") = "DAL", "DAL\DAL.csproj", "{ED3862EA-1B2B-46F7-A416-845EF00368A8}"
EndProject
Project("{FAE04EC0-301F-11D3-BF4B-00C04F79EFBC}") = "Infrastructure", "Infrastructure\Infrastructure.csproj", "{99E86AF6-5E4A-406C-9281-6FA1B5F7CA55}"
EndProject
Project("{FAE04EC0-301F-11D3-BF4B-00C04F79EFBC}") = "Infrastructure.EFCore", "Infrastructure.EFCore\Infrastructure.EFCore.csproj", "{0D5E4ACD-9DE4-4794-B838-DCF410FF74E4}"
EndProject
Project("{FAE04EC0-301F-11D3-BF4B-00C04F79EFBC}") = "BL", "BL\BL.csproj", "{C0804086-7CF3-448B-9E3E-549B5DB8FA9B}"
EndProject
Project("{FAE04EC0-301F-11D3-BF4B-00C04F79EFBC}") = "BookFunctions", "BookFunctions\BookFunctions.csproj", "{04DEFE0A-C8A8-4D1A-8192-54AE8D52AAF8}"
EndProject
Global
	GlobalSection(SolutionConfigurationPlatforms) = preSolution
		Debug|Any CPU = Debug|Any CPU
		Release|Any CPU = Release|Any CPU
	EndGlobalSection
	GlobalSection(ProjectConfigurationPlatforms) = postSolution
		{BFF924EA-3460-4016-B245-10C6621EE264}.Debug|Any CPU.ActiveCfg = Debug|Any CPU
		{BFF924EA-3460-4016-B245-10C6621EE264}.Debug|Any CPU.Build.0 = Debug|Any CPU
		{BFF924EA-3460-4016-B245-10C6621EE264}.Release|Any CPU.ActiveCfg = Release|Any CPU
		{BFF924EA-3460-4016-B245-10C6621EE264}.Release|Any CPU.Build.0 = Release|Any CPU
		{ED3862EA-1B2B-46F7-A416-845EF00368A8}.Debug|Any CPU.ActiveCfg = Debug|Any CPU
		{ED3862EA-1B2B-46F7-A416-845EF00368A8}.Debug|Any CPU.Build.0 = Debug|Any CPU
		{ED3862EA-1B2B-46F7-A416-845EF00368A8}.Release|Any CPU.ActiveCfg = Release|Any CPU
		{ED3862EA-1B2B-46F7-A416-845EF00368A8}.Release|Any CPU.Build.0 = Release|Any CPU
		{99E86AF6-5E4A-406C-9281-6FA1B5F7CA55}.Debug|Any CPU.ActiveCfg = Debug|Any CPU
		{99E86AF6-5E4A-406C-9281-6FA1B5F7CA55}.Debug|Any CPU.Build.0 = Debug|Any CPU
		{99E86AF6-5E4A-406C-9281-6FA1B5F7CA55}.Release|Any CPU.ActiveCfg = Release|Any CPU
		{99E86AF6-5E4A-406C-9281-6FA1B5F7CA55}.Release|Any CPU.Build.0 = Release|Any CPU
		{0D5E4ACD-9DE4-4794-B838-DCF410FF74E4}.Debug|Any CPU.ActiveCfg = Debug|Any CPU
		{0D5E4ACD-9DE4-4794-B838-DCF410FF74E4}.Debug|Any CPU.Build.0 = Debug|Any CPU
		{0D5E4ACD-9DE4-4794-B838-DCF410FF74E4}.Release|Any CPU.ActiveCfg = Release|Any CPU
		{0D5E4ACD-9DE4-4794-B838-DCF410FF74E4}.Release|Any CPU.Build.0 = Release|Any CPU
		{C0804086-7CF3-448B-9E3E-549B5DB8FA9B}.Debug|Any CPU.ActiveCfg = Debug|Any CPU
		{C0804086-7CF3-448B-9E3E-549B5DB8FA9B}.Debug|Any CPU.Build.0 = Debug|Any CPU
		{C0804086-7CF3-448B-9E3E-549B5DB8FA9B}.Release|Any CPU.ActiveCfg = Release|Any CPU
		{C0804086-7CF3-448B-9E3E-549B5DB8FA9B}.Release|Any CPU.Build.0 = Release|Any CPU
		{04DEFE0A-C8A8-4D1A-8192-54AE8D52AAF8}.Debug|Any CPU.ActiveCfg = Debug|Any CPU
		{04DEFE0A-C8A8-4D1A-8192-54AE8D52AAF8}.Debug|Any CPU.Build.0 = Debug|Any CPU
		{04DEFE0A-C8A8-4D1A-8192-54AE8D52AAF8}.Release|Any CPU.ActiveCfg = Release|Any CPU
		{04DEFE0A-C8A8-4D1A-8192-54AE8D52AAF8}.Release|Any CPU.Build.0 = Release|Any CPU
	EndGlobalSection
	GlobalSection(SolutionProperties) = preSolution
		HideSolutionNode = FALSE
	EndGlobalSection
	GlobalSection(ExtensibilityGlobals) = postSolution
		SolutionGuid = {6A6904AF-7DED-4F99-94A3-8EE66F5F5F3B}
	EndGlobalSection
EndGlobal
